
Microsoft Visual Studio Solution File, Format Version 12.00
# Visual Studio 15
VisualStudioVersion = 15.0.28010.2050
MinimumVisualStudioVersion = 10.0.40219.1
Project("{8BC9CEB8-8B4A-11D0-8D11-00A0C91BC942}") = "Polymorphism", "Polymorphism\Polymorphism.vcxproj", "{05EE38AB-53DF-4094-BA3C-DB5D31E06DDD}"
EndProject
Global
	GlobalSection(SolutionConfigurationPlatforms) = preSolution
		Debug|x64 = Debug|x64
		Debug|x86 = Debug|x86
		Release|x64 = Release|x64
		Release|x86 = Release|x86
	EndGlobalSection
	GlobalSection(ProjectConfigurationPlatforms) = postSolution
		{05EE38AB-53DF-4094-BA3C-DB5D31E06DDD}.Debug|x64.ActiveCfg = Debug|x64
		{05EE38AB-53DF-4094-BA3C-DB5D31E06DDD}.Debug|x64.Build.0 = Debug|x64
		{05EE38AB-53DF-4094-BA3C-DB5D31E06DDD}.Debug|x86.ActiveCfg = Debug|Win32
		{05EE38AB-53DF-4094-BA3C-DB5D31E06DDD}.Debug|x86.Build.0 = Debug|Win32
		{05EE38AB-53DF-4094-BA3C-DB5D31E06DDD}.Release|x64.ActiveCfg = Release|x64
		{05EE38AB-53DF-4094-BA3C-DB5D31E06DDD}.Release|x64.Build.0 = Release|x64
		{05EE38AB-53DF-4094-BA3C-DB5D31E06DDD}.Release|x86.ActiveCfg = Release|Win32
		{05EE38AB-53DF-4094-BA3C-DB5D31E06DDD}.Release|x86.Build.0 = Release|Win32
	EndGlobalSection
	GlobalSection(SolutionProperties) = preSolution
		HideSolutionNode = FALSE
	EndGlobalSection
	GlobalSection(ExtensibilityGlobals) = postSolution
		SolutionGuid = {FD25C4BE-5419-4CBE-8682-534E7363E168}
	EndGlobalSection
EndGlobal
